// !$*UTF8*$!
{
	archiveVersion = 1;
	classes = {
	};
	objectVersion = 50;
	objects = {

/* Begin PBXBuildFile section */
		90FB725B21E8F98A00FAA07F /* AppDelegate.swift in Sources */ = {isa = PBXBuildFile; fileRef = 90FB725A21E8F98A00FAA07F /* AppDelegate.swift */; };
		90FB725D21E8F98A00FAA07F /* ViewController.swift in Sources */ = {isa = PBXBuildFile; fileRef = 90FB725C21E8F98A00FAA07F /* ViewController.swift */; };
		90FB726021E8F98A00FAA07F /* Main.storyboard in Resources */ = {isa = PBXBuildFile; fileRef = 90FB725E21E8F98A00FAA07F /* Main.storyboard */; };
		90FB726221E8F98D00FAA07F /* Assets.xcassets in Resources */ = {isa = PBXBuildFile; fileRef = 90FB726121E8F98D00FAA07F /* Assets.xcassets */; };
		90FB726521E8F98D00FAA07F /* LaunchScreen.storyboard in Resources */ = {isa = PBXBuildFile; fileRef = 90FB726321E8F98D00FAA07F /* LaunchScreen.storyboard */; };
		90FB726D21E8FB4600FAA07F /* Group.swift in Sources */ = {isa = PBXBuildFile; fileRef = 90FB726C21E8FB4600FAA07F /* Group.swift */; };
		90FB727221E8FC6500FAA07F /* GroupController.swift in Sources */ = {isa = PBXBuildFile; fileRef = 90FB727121E8FC6500FAA07F /* GroupController.swift */; };
		90FB727421E90A3300FAA07F /* shuffle.swift in Sources */ = {isa = PBXBuildFile; fileRef = 90FB727321E90A3300FAA07F /* shuffle.swift */; };
		90FB727821E90F7F00FAA07F /* GroupsTableViewController.swift in Sources */ = {isa = PBXBuildFile; fileRef = 90FB727721E90F7F00FAA07F /* GroupsTableViewController.swift */; };
/* End PBXBuildFile section */

/* Begin PBXFileReference section */
		90FB725721E8F98A00FAA07F /* Random Group and shuffle.app */ = {isa = PBXFileReference; explicitFileType = wrapper.application; includeInIndex = 0; path = "Random Group and shuffle.app"; sourceTree = BUILT_PRODUCTS_DIR; };
		90FB725A21E8F98A00FAA07F /* AppDelegate.swift */ = {isa = PBXFileReference; lastKnownFileType = sourcecode.swift; path = AppDelegate.swift; sourceTree = "<group>"; };
		90FB725C21E8F98A00FAA07F /* ViewController.swift */ = {isa = PBXFileReference; lastKnownFileType = sourcecode.swift; path = ViewController.swift; sourceTree = "<group>"; };
		90FB725F21E8F98A00FAA07F /* Base */ = {isa = PBXFileReference; lastKnownFileType = file.storyboard; name = Base; path = Base.lproj/Main.storyboard; sourceTree = "<group>"; };
		90FB726121E8F98D00FAA07F /* Assets.xcassets */ = {isa = PBXFileReference; lastKnownFileType = folder.assetcatalog; path = Assets.xcassets; sourceTree = "<group>"; };
		90FB726421E8F98D00FAA07F /* Base */ = {isa = PBXFileReference; lastKnownFileType = file.storyboard; name = Base; path = Base.lproj/LaunchScreen.storyboard; sourceTree = "<group>"; };
		90FB726621E8F98D00FAA07F /* Info.plist */ = {isa = PBXFileReference; lastKnownFileType = text.plist.xml; path = Info.plist; sourceTree = "<group>"; };
		90FB726C21E8FB4600FAA07F /* Group.swift */ = {isa = PBXFileReference; lastKnownFileType = sourcecode.swift; path = Group.swift; sourceTree = "<group>"; };
		90FB727121E8FC6500FAA07F /* GroupController.swift */ = {isa = PBXFileReference; lastKnownFileType = sourcecode.swift; path = GroupController.swift; sourceTree = "<group>"; };
		90FB727321E90A3300FAA07F /* shuffle.swift */ = {isa = PBXFileReference; lastKnownFileType = sourcecode.swift; path = shuffle.swift; sourceTree = "<group>"; };
		90FB727721E90F7F00FAA07F /* GroupsTableViewController.swift */ = {isa = PBXFileReference; lastKnownFileType = sourcecode.swift; path = GroupsTableViewController.swift; sourceTree = "<group>"; };
/* End PBXFileReference section */

/* Begin PBXFrameworksBuildPhase section */
		90FB725421E8F98A00FAA07F /* Frameworks */ = {
			isa = PBXFrameworksBuildPhase;
			buildActionMask = 2147483647;
			files = (
			);
			runOnlyForDeploymentPostprocessing = 0;
		};
/* End PBXFrameworksBuildPhase section */

/* Begin PBXGroup section */
		90FB724E21E8F98A00FAA07F = {
			isa = PBXGroup;
			children = (
				90FB725921E8F98A00FAA07F /* Random group and Shuffle */,
				90FB725821E8F98A00FAA07F /* Products */,
			);
			sourceTree = "<group>";
		};
		90FB725821E8F98A00FAA07F /* Products */ = {
			isa = PBXGroup;
			children = (
				90FB725721E8F98A00FAA07F /* Random Group and shuffle.app */,
			);
			name = Products;
			sourceTree = "<group>";
		};
		90FB725921E8F98A00FAA07F /* Random group and Shuffle */ = {
			isa = PBXGroup;
			children = (
				90FB727021E8FC5400FAA07F /* ViewController */,
				90FB726F21E8FC3E00FAA07F /* Resources */,
				90FB726E21E8FC2F00FAA07F /* Model */,
				90FB727121E8FC6500FAA07F /* GroupController.swift */,
				90FB727321E90A3300FAA07F /* shuffle.swift */,
			);
			path = "Random group and Shuffle";
			sourceTree = "<group>";
		};
		90FB726E21E8FC2F00FAA07F /* Model */ = {
			isa = PBXGroup;
			children = (
				90FB726C21E8FB4600FAA07F /* Group.swift */,
			);
			path = Model;
			sourceTree = "<group>";
		};
		90FB726F21E8FC3E00FAA07F /* Resources */ = {
			isa = PBXGroup;
			children = (
				90FB725A21E8F98A00FAA07F /* AppDelegate.swift */,
				90FB726121E8F98D00FAA07F /* Assets.xcassets */,
				90FB726321E8F98D00FAA07F /* LaunchScreen.storyboard */,
				90FB726621E8F98D00FAA07F /* Info.plist */,
			);
			path = Resources;
			sourceTree = "<group>";
		};
		90FB727021E8FC5400FAA07F /* ViewController */ = {
			isa = PBXGroup;
			children = (
				90FB725C21E8F98A00FAA07F /* ViewController.swift */,
				90FB727721E90F7F00FAA07F /* GroupsTableViewController.swift */,
				90FB725E21E8F98A00FAA07F /* Main.storyboard */,
			);
			path = ViewController;
			sourceTree = "<group>";
		};
/* End PBXGroup section */

/* Begin PBXNativeTarget section */
		90FB725621E8F98A00FAA07F /* Random Group and shuffle */ = {
			isa = PBXNativeTarget;
			buildConfigurationList = 90FB726921E8F98D00FAA07F /* Build configuration list for PBXNativeTarget "Random Group and shuffle" */;
			buildPhases = (
				90FB725321E8F98A00FAA07F /* Sources */,
				90FB725421E8F98A00FAA07F /* Frameworks */,
				90FB725521E8F98A00FAA07F /* Resources */,
			);
			buildRules = (
			);
			dependencies = (
			);
			name = "Random Group and shuffle";
			productName = "Six Week Technical Challenge";
			productReference = 90FB725721E8F98A00FAA07F /* Random Group and shuffle.app */;
			productType = "com.apple.product-type.application";
		};
/* End PBXNativeTarget section */

/* Begin PBXProject section */
		90FB724F21E8F98A00FAA07F /* Project object */ = {
			isa = PBXProject;
			attributes = {
				LastSwiftUpdateCheck = 1010;
				LastUpgradeCheck = 1010;
				ORGANIZATIONNAME = "Greg Hughes";
				TargetAttributes = {
					90FB725621E8F98A00FAA07F = {
						CreatedOnToolsVersion = 10.1;
					};
				};
			};
			buildConfigurationList = 90FB725221E8F98A00FAA07F /* Build configuration list for PBXProject "Random Group and shuffle" */;
			compatibilityVersion = "Xcode 9.3";
			developmentRegion = en;
			hasScannedForEncodings = 0;
			knownRegions = (
				en,
				Base,
			);
			mainGroup = 90FB724E21E8F98A00FAA07F;
			productRefGroup = 90FB725821E8F98A00FAA07F /* Products */;
			projectDirPath = "";
			projectRoot = "";
			targets = (
				90FB725621E8F98A00FAA07F /* Random Group and shuffle */,
			);
		};
/* End PBXProject section */

/* Begin PBXResourcesBuildPhase section */
		90FB725521E8F98A00FAA07F /* Resources */ = {
			isa = PBXResourcesBuildPhase;
			buildActionMask = 2147483647;
			files = (
				90FB726521E8F98D00FAA07F /* LaunchScreen.storyboard in Resources */,
				90FB726221E8F98D00FAA07F /* Assets.xcassets in Resources */,
				90FB726021E8F98A00FAA07F /* Main.storyboard in Resources */,
			);
			runOnlyForDeploymentPostprocessing = 0;
		};
/* End PBXResourcesBuildPhase section */

/* Begin PBXSourcesBuildPhase section */
		90FB725321E8F98A00FAA07F /* Sources */ = {
			isa = PBXSourcesBuildPhase;
			buildActionMask = 2147483647;
			files = (
				90FB726D21E8FB4600FAA07F /* Group.swift in Sources */,
				90FB727421E90A3300FAA07F /* shuffle.swift in Sources */,
				90FB727221E8FC6500FAA07F /* GroupController.swift in Sources */,
				90FB725D21E8F98A00FAA07F /* ViewController.swift in Sources */,
				90FB725B21E8F98A00FAA07F /* AppDelegate.swift in Sources */,
				90FB727821E90F7F00FAA07F /* GroupsTableViewController.swift in Sources */,
			);
			runOnlyForDeploymentPostprocessing = 0;
		};
/* End PBXSourcesBuildPhase section */

/* Begin PBXVariantGroup section */
		90FB725E21E8F98A00FAA07F /* Main.storyboard */ = {
			isa = PBXVariantGroup;
			children = (
				90FB725F21E8F98A00FAA07F /* Base */,
			);
			name = Main.storyboard;
			sourceTree = "<group>";
		};
		90FB726321E8F98D00FAA07F /* LaunchScreen.storyboard */ = {
			isa = PBXVariantGroup;
			children = (
				90FB726421E8F98D00FAA07F /* Base */,
			);
			name = LaunchScreen.storyboard;
			sourceTree = "<group>";
		};
/* End PBXVariantGroup section */

/* Begin XCBuildConfiguration section */
		90FB726721E8F98D00FAA07F /* Debug */ = {
			isa = XCBuildConfiguration;
			buildSettings = {
				ALWAYS_SEARCH_USER_PATHS = NO;
				CLANG_ANALYZER_NONNULL = YES;
				CLANG_ANALYZER_NUMBER_OBJECT_CONVERSION = YES_AGGRESSIVE;
				CLANG_CXX_LANGUAGE_STANDARD = "gnu++14";
				CLANG_CXX_LIBRARY = "libc++";
				CLANG_ENABLE_MODULES = YES;
				CLANG_ENABLE_OBJC_ARC = YES;
				CLANG_ENABLE_OBJC_WEAK = YES;
				CLANG_WARN_BLOCK_CAPTURE_AUTORELEASING = YES;
				CLANG_WARN_BOOL_CONVERSION = YES;
				CLANG_WARN_COMMA = YES;
				CLANG_WARN_CONSTANT_CONVERSION = YES;
				CLANG_WARN_DEPRECATED_OBJC_IMPLEMENTATIONS = YES;
				CLANG_WARN_DIRECT_OBJC_ISA_USAGE = YES_ERROR;
				CLANG_WARN_DOCUMENTATION_COMMENTS = YES;
				CLANG_WARN_EMPTY_BODY = YES;
				CLANG_WARN_ENUM_CONVERSION = YES;
				CLANG_WARN_INFINITE_RECURSION = YES;
				CLANG_WARN_INT_CONVERSION = YES;
				CLANG_WARN_NON_LITERAL_NULL_CONVERSION = YES;
				CLANG_WARN_OBJC_IMPLICIT_RETAIN_SELF = YES;
				CLANG_WARN_OBJC_LITERAL_CONVERSION = YES;
				CLANG_WARN_OBJC_ROOT_CLASS = YES_ERROR;
				CLANG_WARN_RANGE_LOOP_ANALYSIS = YES;
				CLANG_WARN_STRICT_PROTOTYPES = YES;
				CLANG_WARN_SUSPICIOUS_MOVE = YES;
				CLANG_WARN_UNGUARDED_AVAILABILITY = YES_AGGRESSIVE;
				CLANG_WARN_UNREACHABLE_CODE = YES;
				CLANG_WARN__DUPLICATE_METHOD_MATCH = YES;
				CODE_SIGN_IDENTITY = "iPhone Developer";
				COPY_PHASE_STRIP = NO;
				DEBUG_INFORMATION_FORMAT = dwarf;
				ENABLE_STRICT_OBJC_MSGSEND = YES;
				ENABLE_TESTABILITY = YES;
				GCC_C_LANGUAGE_STANDARD = gnu11;
				GCC_DYNAMIC_NO_PIC = NO;
				GCC_NO_COMMON_BLOCKS = YES;
				GCC_OPTIMIZATION_LEVEL = 0;
				GCC_PREPROCESSOR_DEFINITIONS = (
					"DEBUG=1",
					"$(inherited)",
				);
				GCC_WARN_64_TO_32_BIT_CONVERSION = YES;
				GCC_WARN_ABOUT_RETURN_TYPE = YES_ERROR;
				GCC_WARN_UNDECLARED_SELECTOR = YES;
				GCC_WARN_UNINITIALIZED_AUTOS = YES_AGGRESSIVE;
				GCC_WARN_UNUSED_FUNCTION = YES;
				GCC_WARN_UNUSED_VARIABLE = YES;
				IPHONEOS_DEPLOYMENT_TARGET = 12.1;
				MTL_ENABLE_DEBUG_INFO = INCLUDE_SOURCE;
				MTL_FAST_MATH = YES;
				ONLY_ACTIVE_ARCH = YES;
				SDKROOT = iphoneos;
				SWIFT_ACTIVE_COMPILATION_CONDITIONS = DEBUG;
				SWIFT_OPTIMIZATION_LEVEL = "-Onone";
			};
			name = Debug;
		};
		90FB726821E8F98D00FAA07F /* Release */ = {
			isa = XCBuildConfiguration;
			buildSettings = {
				ALWAYS_SEARCH_USER_PATHS = NO;
				CLANG_ANALYZER_NONNULL = YES;
				CLANG_ANALYZER_NUMBER_OBJECT_CONVERSION = YES_AGGRESSIVE;
				CLANG_CXX_LANGUAGE_STANDARD = "gnu++14";
				CLANG_CXX_LIBRARY = "libc++";
				CLANG_ENABLE_MODULES = YES;
				CLANG_ENABLE_OBJC_ARC = YES;
				CLANG_ENABLE_OBJC_WEAK = YES;
				CLANG_WARN_BLOCK_CAPTURE_AUTORELEASING = YES;
				CLANG_WARN_BOOL_CONVERSION = YES;
				CLANG_WARN_COMMA = YES;
				CLANG_WARN_CONSTANT_CONVERSION = YES;
				CLANG_WARN_DEPRECATED_OBJC_IMPLEMENTATIONS = YES;
				CLANG_WARN_DIRECT_OBJC_ISA_USAGE = YES_ERROR;
				CLANG_WARN_DOCUMENTATION_COMMENTS = YES;
				CLANG_WARN_EMPTY_BODY = YES;
				CLANG_WARN_ENUM_CONVERSION = YES;
				CLANG_WARN_INFINITE_RECURSION = YES;
				CLANG_WARN_INT_CONVERSION = YES;
				CLANG_WARN_NON_LITERAL_NULL_CONVERSION = YES;
				CLANG_WARN_OBJC_IMPLICIT_RETAIN_SELF = YES;
				CLANG_WARN_OBJC_LITERAL_CONVERSION = YES;
				CLANG_WARN_OBJC_ROOT_CLASS = YES_ERROR;
				CLANG_WARN_RANGE_LOOP_ANALYSIS = YES;
				CLANG_WARN_STRICT_PROTOTYPES = YES;
				CLANG_WARN_SUSPICIOUS_MOVE = YES;
				CLANG_WARN_UNGUARDED_AVAILABILITY = YES_AGGRESSIVE;
				CLANG_WARN_UNREACHABLE_CODE = YES;
				CLANG_WARN__DUPLICATE_METHOD_MATCH = YES;
				CODE_SIGN_IDENTITY = "iPhone Developer";
				COPY_PHASE_STRIP = NO;
				DEBUG_INFORMATION_FORMAT = "dwarf-with-dsym";
				ENABLE_NS_ASSERTIONS = NO;
				ENABLE_STRICT_OBJC_MSGSEND = YES;
				GCC_C_LANGUAGE_STANDARD = gnu11;
				GCC_NO_COMMON_BLOCKS = YES;
				GCC_WARN_64_TO_32_BIT_CONVERSION = YES;
				GCC_WARN_ABOUT_RETURN_TYPE = YES_ERROR;
				GCC_WARN_UNDECLARED_SELECTOR = YES;
				GCC_WARN_UNINITIALIZED_AUTOS = YES_AGGRESSIVE;
				GCC_WARN_UNUSED_FUNCTION = YES;
				GCC_WARN_UNUSED_VARIABLE = YES;
				IPHONEOS_DEPLOYMENT_TARGET = 12.1;
				MTL_ENABLE_DEBUG_INFO = NO;
				MTL_FAST_MATH = YES;
				SDKROOT = iphoneos;
				SWIFT_COMPILATION_MODE = wholemodule;
				SWIFT_OPTIMIZATION_LEVEL = "-O";
				VALIDATE_PRODUCT = YES;
			};
			name = Release;
		};
		90FB726A21E8F98D00FAA07F /* Debug */ = {
			isa = XCBuildConfiguration;
			buildSettings = {
				ASSETCATALOG_COMPILER_APPICON_NAME = AppIcon;
				CODE_SIGN_STYLE = Automatic;
				DEVELOPMENT_TEAM = 57FTCZV5HS;
				INFOPLIST_FILE = "$(SRCROOT)/Random group and Shuffle/Resources/Info.plist";
				LD_RUNPATH_SEARCH_PATHS = (
					"$(inherited)",
					"@executable_path/Frameworks",
				);
				PRODUCT_BUNDLE_IDENTIFIER = "com.greghughes.Six-Week-Technical-Challenge";
				PRODUCT_NAME = "$(TARGET_NAME)";
				SWIFT_VERSION = 4.2;
				TARGETED_DEVICE_FAMILY = "1,2";
			};
			name = Debug;
		};
		90FB726B21E8F98D00FAA07F /* Release */ = {
			isa = XCBuildConfiguration;
			buildSettings = {
				ASSETCATALOG_COMPILER_APPICON_NAME = AppIcon;
				CODE_SIGN_STYLE = Automatic;
				DEVELOPMENT_TEAM = 57FTCZV5HS;
				INFOPLIST_FILE = "$(SRCROOT)/Random group and Shuffle/Resources/Info.plist";
				LD_RUNPATH_SEARCH_PATHS = (
					"$(inherited)",
					"@executable_path/Frameworks",
				);
				PRODUCT_BUNDLE_IDENTIFIER = "com.greghughes.Six-Week-Technical-Challenge";
				PRODUCT_NAME = "$(TARGET_NAME)";
				SWIFT_VERSION = 4.2;
				TARGETED_DEVICE_FAMILY = "1,2";
			};
			name = Release;
		};
/* End XCBuildConfiguration section */

/* Begin XCConfigurationList section */
		90FB725221E8F98A00FAA07F /* Build configuration list for PBXProject "Random Group and shuffle" */ = {
			isa = XCConfigurationList;
			buildConfigurations = (
				90FB726721E8F98D00FAA07F /* Debug */,
				90FB726821E8F98D00FAA07F /* Release */,
			);
			defaultConfigurationIsVisible = 0;
			defaultConfigurationName = Release;
		};
		90FB726921E8F98D00FAA07F /* Build configuration list for PBXNativeTarget "Random Group and shuffle" */ = {
			isa = XCConfigurationList;
			buildConfigurations = (
				90FB726A21E8F98D00FAA07F /* Debug */,
				90FB726B21E8F98D00FAA07F /* Release */,
			);
			defaultConfigurationIsVisible = 0;
			defaultConfigurationName = Release;
		};
/* End XCConfigurationList section */
	};
	rootObject = 90FB724F21E8F98A00FAA07F /* Project object */;
}
